// !$*UTF8*$!
{
	archiveVersion = 1;
	classes = {
	};
	objectVersion = 51;
	objects = {

/* Begin PBXBuildFile section */
		0B3C2EB5AC14E977BD56C99E /* Pods_MusicBox.framework in Frameworks */ = {isa = PBXBuildFile; fileRef = 6AE8C7240EB9D0C4242F54C1 /* Pods_MusicBox.framework */; };
		8C02B69126539C3D00413D70 /* AppDelegate.swift in Sources */ = {isa = PBXBuildFile; fileRef = 8C02B69026539C3D00413D70 /* AppDelegate.swift */; };
		8C02B69826539C3D00413D70 /* Main.storyboard in Resources */ = {isa = PBXBuildFile; fileRef = 8C02B69626539C3D00413D70 /* Main.storyboard */; };
		8C02B69A26539C3E00413D70 /* Assets.xcassets in Resources */ = {isa = PBXBuildFile; fileRef = 8C02B69926539C3E00413D70 /* Assets.xcassets */; };
		8C02B69D26539C3E00413D70 /* LaunchScreen.storyboard in Resources */ = {isa = PBXBuildFile; fileRef = 8C02B69B26539C3E00413D70 /* LaunchScreen.storyboard */; };
		8C02B6A826539C3E00413D70 /* MusicBoxTests.swift in Sources */ = {isa = PBXBuildFile; fileRef = 8C02B6A726539C3E00413D70 /* MusicBoxTests.swift */; };
		8C02B6B326539C3E00413D70 /* MusicBoxUITests.swift in Sources */ = {isa = PBXBuildFile; fileRef = 8C02B6B226539C3E00413D70 /* MusicBoxUITests.swift */; };
		8C5C03162654ECFB00261D0B /* SplashController.swift in Sources */ = {isa = PBXBuildFile; fileRef = 8C5C03152654ECFB00261D0B /* SplashController.swift */; };
		8C5C031E2654EF1400261D0B /* GuideController.swift in Sources */ = {isa = PBXBuildFile; fileRef = 8C5C031D2654EF1400261D0B /* GuideController.swift */; };
		8C5C03302654FD8400261D0B /* Constant.swift in Sources */ = {isa = PBXBuildFile; fileRef = 8C5C032F2654FD8400261D0B /* Constant.swift */; };
		8C5C03382655002B00261D0B /* ViewUtil.swift in Sources */ = {isa = PBXBuildFile; fileRef = 8C5C03372655002B00261D0B /* ViewUtil.swift */; };
		8C5C033E265501CC00261D0B /* ViewExtend.swift in Sources */ = {isa = PBXBuildFile; fileRef = 8C5C033D265501CC00261D0B /* ViewExtend.swift */; };
		8C5C0346265503BB00261D0B /* ColorExtend.swift in Sources */ = {isa = PBXBuildFile; fileRef = 8C5C0345265503BB00261D0B /* ColorExtend.swift */; };
		8C5C034B265513E900261D0B /* LoginOrRegisterController.swift in Sources */ = {isa = PBXBuildFile; fileRef = 8C5C034A265513E900261D0B /* LoginOrRegisterController.swift */; };
		8C5C0350265515F800261D0B /* HomeController.swift in Sources */ = {isa = PBXBuildFile; fileRef = 8C5C034F265515F800261D0B /* HomeController.swift */; };
		8C769005265606AB008619F2 /* PreferenceUtil.swift in Sources */ = {isa = PBXBuildFile; fileRef = 8C769004265606AB008619F2 /* PreferenceUtil.swift */; };
		8C76900A265646AC008619F2 /* BaseController.swift in Sources */ = {isa = PBXBuildFile; fileRef = 8C769009265646AC008619F2 /* BaseController.swift */; };
		8C76901026565477008619F2 /* StringExtendTests.swift in Sources */ = {isa = PBXBuildFile; fileRef = 8C76900F26565477008619F2 /* StringExtendTests.swift */; };
		8C76901826565488008619F2 /* StringExtend.swift in Sources */ = {isa = PBXBuildFile; fileRef = 8C76901726565488008619F2 /* StringExtend.swift */; };
		8C76901C26565508008619F2 /* StringExtend.swift in Sources */ = {isa = PBXBuildFile; fileRef = 8C76901726565488008619F2 /* StringExtend.swift */; };
		8C76902626565C80008619F2 /* Constant.swift in Sources */ = {isa = PBXBuildFile; fileRef = 8C5C032F2654FD8400261D0B /* Constant.swift */; };
		8C76902B26565EE4008619F2 /* FileUtil.swift in Sources */ = {isa = PBXBuildFile; fileRef = 8C76902A26565EE4008619F2 /* FileUtil.swift */; };
		8C76903126565F47008619F2 /* FileUtilTest.swift in Sources */ = {isa = PBXBuildFile; fileRef = 8C76903026565F47008619F2 /* FileUtilTest.swift */; };
		8C76903826566064008619F2 /* FileUtil.swift in Sources */ = {isa = PBXBuildFile; fileRef = 8C76902A26565EE4008619F2 /* FileUtil.swift */; };
/* End PBXBuildFile section */

/* Begin PBXContainerItemProxy section */
		8C02B6A426539C3E00413D70 /* PBXContainerItemProxy */ = {
			isa = PBXContainerItemProxy;
			containerPortal = 8C02B68526539C3D00413D70 /* Project object */;
			proxyType = 1;
			remoteGlobalIDString = 8C02B68C26539C3D00413D70;
			remoteInfo = MusicBox;
		};
		8C02B6AF26539C3E00413D70 /* PBXContainerItemProxy */ = {
			isa = PBXContainerItemProxy;
			containerPortal = 8C02B68526539C3D00413D70 /* Project object */;
			proxyType = 1;
			remoteGlobalIDString = 8C02B68C26539C3D00413D70;
			remoteInfo = MusicBox;
		};
/* End PBXContainerItemProxy section */

/* Begin PBXFileReference section */
		06BDB9820C2D5973E127F678 /* Pods-MusicBox.release.xcconfig */ = {isa = PBXFileReference; includeInIndex = 1; lastKnownFileType = text.xcconfig; name = "Pods-MusicBox.release.xcconfig"; path = "Target Support Files/Pods-MusicBox/Pods-MusicBox.release.xcconfig"; sourceTree = "<group>"; };
		6AE8C7240EB9D0C4242F54C1 /* Pods_MusicBox.framework */ = {isa = PBXFileReference; explicitFileType = wrapper.framework; includeInIndex = 0; path = Pods_MusicBox.framework; sourceTree = BUILT_PRODUCTS_DIR; };
		8C02B68D26539C3D00413D70 /* MusicBox.app */ = {isa = PBXFileReference; explicitFileType = wrapper.application; includeInIndex = 0; path = MusicBox.app; sourceTree = BUILT_PRODUCTS_DIR; };
		8C02B69026539C3D00413D70 /* AppDelegate.swift */ = {isa = PBXFileReference; lastKnownFileType = sourcecode.swift; path = AppDelegate.swift; sourceTree = "<group>"; };
		8C02B69726539C3D00413D70 /* Base */ = {isa = PBXFileReference; lastKnownFileType = file.storyboard; name = Base; path = Base.lproj/Main.storyboard; sourceTree = "<group>"; };
		8C02B69926539C3E00413D70 /* Assets.xcassets */ = {isa = PBXFileReference; lastKnownFileType = folder.assetcatalog; path = Assets.xcassets; sourceTree = "<group>"; };
		8C02B69C26539C3E00413D70 /* Base */ = {isa = PBXFileReference; lastKnownFileType = file.storyboard; name = Base; path = Base.lproj/LaunchScreen.storyboard; sourceTree = "<group>"; };
		8C02B69E26539C3E00413D70 /* Info.plist */ = {isa = PBXFileReference; lastKnownFileType = text.plist.xml; path = Info.plist; sourceTree = "<group>"; };
		8C02B6A326539C3E00413D70 /* MusicBoxTests.xctest */ = {isa = PBXFileReference; explicitFileType = wrapper.cfbundle; includeInIndex = 0; path = MusicBoxTests.xctest; sourceTree = BUILT_PRODUCTS_DIR; };
		8C02B6A726539C3E00413D70 /* MusicBoxTests.swift */ = {isa = PBXFileReference; lastKnownFileType = sourcecode.swift; path = MusicBoxTests.swift; sourceTree = "<group>"; };
		8C02B6A926539C3E00413D70 /* Info.plist */ = {isa = PBXFileReference; lastKnownFileType = text.plist.xml; path = Info.plist; sourceTree = "<group>"; };
		8C02B6AE26539C3E00413D70 /* MusicBoxUITests.xctest */ = {isa = PBXFileReference; explicitFileType = wrapper.cfbundle; includeInIndex = 0; path = MusicBoxUITests.xctest; sourceTree = BUILT_PRODUCTS_DIR; };
		8C02B6B226539C3E00413D70 /* MusicBoxUITests.swift */ = {isa = PBXFileReference; lastKnownFileType = sourcecode.swift; path = MusicBoxUITests.swift; sourceTree = "<group>"; };
		8C02B6B426539C3E00413D70 /* Info.plist */ = {isa = PBXFileReference; lastKnownFileType = text.plist.xml; path = Info.plist; sourceTree = "<group>"; };
		8C5C03152654ECFB00261D0B /* SplashController.swift */ = {isa = PBXFileReference; lastKnownFileType = sourcecode.swift; path = SplashController.swift; sourceTree = "<group>"; };
		8C5C031D2654EF1400261D0B /* GuideController.swift */ = {isa = PBXFileReference; lastKnownFileType = sourcecode.swift; path = GuideController.swift; sourceTree = "<group>"; };
		8C5C032F2654FD8400261D0B /* Constant.swift */ = {isa = PBXFileReference; lastKnownFileType = sourcecode.swift; path = Constant.swift; sourceTree = "<group>"; };
		8C5C03372655002B00261D0B /* ViewUtil.swift */ = {isa = PBXFileReference; lastKnownFileType = sourcecode.swift; path = ViewUtil.swift; sourceTree = "<group>"; };
		8C5C033D265501CC00261D0B /* ViewExtend.swift */ = {isa = PBXFileReference; lastKnownFileType = sourcecode.swift; path = ViewExtend.swift; sourceTree = "<group>"; };
		8C5C0345265503BB00261D0B /* ColorExtend.swift */ = {isa = PBXFileReference; lastKnownFileType = sourcecode.swift; path = ColorExtend.swift; sourceTree = "<group>"; };
		8C5C034A265513E900261D0B /* LoginOrRegisterController.swift */ = {isa = PBXFileReference; lastKnownFileType = sourcecode.swift; path = LoginOrRegisterController.swift; sourceTree = "<group>"; };
		8C5C034F265515F800261D0B /* HomeController.swift */ = {isa = PBXFileReference; lastKnownFileType = sourcecode.swift; path = HomeController.swift; sourceTree = "<group>"; };
		8C769004265606AB008619F2 /* PreferenceUtil.swift */ = {isa = PBXFileReference; lastKnownFileType = sourcecode.swift; path = PreferenceUtil.swift; sourceTree = "<group>"; };
		8C769009265646AC008619F2 /* BaseController.swift */ = {isa = PBXFileReference; lastKnownFileType = sourcecode.swift; path = BaseController.swift; sourceTree = "<group>"; };
		8C76900F26565477008619F2 /* StringExtendTests.swift */ = {isa = PBXFileReference; lastKnownFileType = sourcecode.swift; path = StringExtendTests.swift; sourceTree = "<group>"; };
		8C76901726565488008619F2 /* StringExtend.swift */ = {isa = PBXFileReference; lastKnownFileType = sourcecode.swift; path = StringExtend.swift; sourceTree = "<group>"; };
		8C76902A26565EE4008619F2 /* FileUtil.swift */ = {isa = PBXFileReference; lastKnownFileType = sourcecode.swift; path = FileUtil.swift; sourceTree = "<group>"; };
		8C76903026565F47008619F2 /* FileUtilTest.swift */ = {isa = PBXFileReference; lastKnownFileType = sourcecode.swift; path = FileUtilTest.swift; sourceTree = "<group>"; };
		ED63F4A386535706E9CE7A22 /* Pods-MusicBox.debug.xcconfig */ = {isa = PBXFileReference; includeInIndex = 1; lastKnownFileType = text.xcconfig; name = "Pods-MusicBox.debug.xcconfig"; path = "Target Support Files/Pods-MusicBox/Pods-MusicBox.debug.xcconfig"; sourceTree = "<group>"; };
/* End PBXFileReference section */

/* Begin PBXFrameworksBuildPhase section */
		8C02B68A26539C3D00413D70 /* Frameworks */ = {
			isa = PBXFrameworksBuildPhase;
			buildActionMask = 2147483647;
			files = (
				0B3C2EB5AC14E977BD56C99E /* Pods_MusicBox.framework in Frameworks */,
			);
			runOnlyForDeploymentPostprocessing = 0;
		};
		8C02B6A026539C3E00413D70 /* Frameworks */ = {
			isa = PBXFrameworksBuildPhase;
			buildActionMask = 2147483647;
			files = (
			);
			runOnlyForDeploymentPostprocessing = 0;
		};
		8C02B6AB26539C3E00413D70 /* Frameworks */ = {
			isa = PBXFrameworksBuildPhase;
			buildActionMask = 2147483647;
			files = (
			);
			runOnlyForDeploymentPostprocessing = 0;
		};
/* End PBXFrameworksBuildPhase section */

/* Begin PBXGroup section */
		0A407D53B5CC63B6A2483B84 /* Pods */ = {
			isa = PBXGroup;
			children = (
				ED63F4A386535706E9CE7A22 /* Pods-MusicBox.debug.xcconfig */,
				06BDB9820C2D5973E127F678 /* Pods-MusicBox.release.xcconfig */,
			);
			path = Pods;
			sourceTree = "<group>";
		};
		8C02B68426539C3D00413D70 = {
			isa = PBXGroup;
			children = (
				8C02B68F26539C3D00413D70 /* MusicBox */,
				8C02B6A626539C3E00413D70 /* MusicBoxTests */,
				8C02B6B126539C3E00413D70 /* MusicBoxUITests */,
				8C02B68E26539C3D00413D70 /* Products */,
				0A407D53B5CC63B6A2483B84 /* Pods */,
				D04B457E4D3284541D91FC90 /* Frameworks */,
			);
			sourceTree = "<group>";
		};
		8C02B68E26539C3D00413D70 /* Products */ = {
			isa = PBXGroup;
			children = (
				8C02B68D26539C3D00413D70 /* MusicBox.app */,
				8C02B6A326539C3E00413D70 /* MusicBoxTests.xctest */,
				8C02B6AE26539C3E00413D70 /* MusicBoxUITests.xctest */,
			);
			name = Products;
			sourceTree = "<group>";
		};
		8C02B68F26539C3D00413D70 /* MusicBox */ = {
			isa = PBXGroup;
			children = (
				8C02B69026539C3D00413D70 /* AppDelegate.swift */,
				8C7690002655FD28008619F2 /* Controller */,
				8C768FFF2655FD08008619F2 /* Extend */,
				8C768FFD2655FCC6008619F2 /* Util */,
				8C02B69626539C3D00413D70 /* Main.storyboard */,
				8C02B69926539C3E00413D70 /* Assets.xcassets */,
				8C02B69B26539C3E00413D70 /* LaunchScreen.storyboard */,
				8C02B69E26539C3E00413D70 /* Info.plist */,
			);
			path = MusicBox;
			sourceTree = "<group>";
		};
		8C02B6A626539C3E00413D70 /* MusicBoxTests */ = {
			isa = PBXGroup;
			children = (
				8C76902F26565F31008619F2 /* Util */,
				8C76900E26565450008619F2 /* Extend */,
				8C02B6A726539C3E00413D70 /* MusicBoxTests.swift */,
				8C02B6A926539C3E00413D70 /* Info.plist */,
			);
			path = MusicBoxTests;
			sourceTree = "<group>";
		};
		8C02B6B126539C3E00413D70 /* MusicBoxUITests */ = {
			isa = PBXGroup;
			children = (
				8C02B6B226539C3E00413D70 /* MusicBoxUITests.swift */,
				8C02B6B426539C3E00413D70 /* Info.plist */,
			);
			path = MusicBoxUITests;
			sourceTree = "<group>";
		};
		8C768FFD2655FCC6008619F2 /* Util */ = {
			isa = PBXGroup;
			children = (
				8C5C032F2654FD8400261D0B /* Constant.swift */,
				8C5C03372655002B00261D0B /* ViewUtil.swift */,
				8C769004265606AB008619F2 /* PreferenceUtil.swift */,
				8C76902A26565EE4008619F2 /* FileUtil.swift */,
			);
			path = Util;
			sourceTree = "<group>";
		};
		8C768FFF2655FD08008619F2 /* Extend */ = {
			isa = PBXGroup;
			children = (
				8C5C033D265501CC00261D0B /* ViewExtend.swift */,
				8C5C0345265503BB00261D0B /* ColorExtend.swift */,
				8C76901726565488008619F2 /* StringExtend.swift */,
			);
			path = Extend;
			sourceTree = "<group>";
		};
		8C7690002655FD28008619F2 /* Controller */ = {
			isa = PBXGroup;
			children = (
				8C5C03152654ECFB00261D0B /* SplashController.swift */,
				8C5C031D2654EF1400261D0B /* GuideController.swift */,
				8C5C034A265513E900261D0B /* LoginOrRegisterController.swift */,
				8C5C034F265515F800261D0B /* HomeController.swift */,
				8C769009265646AC008619F2 /* BaseController.swift */,
			);
			name = Controller;
			sourceTree = "<group>";
		};
		8C76900E26565450008619F2 /* Extend */ = {
			isa = PBXGroup;
			children = (
				8C76900F26565477008619F2 /* StringExtendTests.swift */,
			);
			name = Extend;
			sourceTree = "<group>";
		};
		8C76902F26565F31008619F2 /* Util */ = {
			isa = PBXGroup;
			children = (
				8C76903026565F47008619F2 /* FileUtilTest.swift */,
			);
			path = Util;
			sourceTree = "<group>";
		};
		D04B457E4D3284541D91FC90 /* Frameworks */ = {
			isa = PBXGroup;
			children = (
				6AE8C7240EB9D0C4242F54C1 /* Pods_MusicBox.framework */,
			);
			name = Frameworks;
			sourceTree = "<group>";
		};
/* End PBXGroup section */

/* Begin PBXNativeTarget section */
		8C02B68C26539C3D00413D70 /* MusicBox */ = {
			isa = PBXNativeTarget;
			buildConfigurationList = 8C02B6B726539C3E00413D70 /* Build configuration list for PBXNativeTarget "MusicBox" */;
			buildPhases = (
				3BB1EDB69511432DDA9F5E43 /* [CP] Check Pods Manifest.lock */,
				8C02B68926539C3D00413D70 /* Sources */,
				8C02B68A26539C3D00413D70 /* Frameworks */,
				8C02B68B26539C3D00413D70 /* Resources */,
				0FB35A201F7ECD302C9C3FCD /* [CP] Embed Pods Frameworks */,
			);
			buildRules = (
			);
			dependencies = (
			);
			name = MusicBox;
			productName = MusicBox;
			productReference = 8C02B68D26539C3D00413D70 /* MusicBox.app */;
			productType = "com.apple.product-type.application";
		};
		8C02B6A226539C3E00413D70 /* MusicBoxTests */ = {
			isa = PBXNativeTarget;
			buildConfigurationList = 8C02B6BA26539C3E00413D70 /* Build configuration list for PBXNativeTarget "MusicBoxTests" */;
			buildPhases = (
				8C02B69F26539C3E00413D70 /* Sources */,
				8C02B6A026539C3E00413D70 /* Frameworks */,
				8C02B6A126539C3E00413D70 /* Resources */,
			);
			buildRules = (
			);
			dependencies = (
				8C02B6A526539C3E00413D70 /* PBXTargetDependency */,
			);
			name = MusicBoxTests;
			productName = MusicBoxTests;
			productReference = 8C02B6A326539C3E00413D70 /* MusicBoxTests.xctest */;
			productType = "com.apple.product-type.bundle.unit-test";
		};
		8C02B6AD26539C3E00413D70 /* MusicBoxUITests */ = {
			isa = PBXNativeTarget;
			buildConfigurationList = 8C02B6BD26539C3E00413D70 /* Build configuration list for PBXNativeTarget "MusicBoxUITests" */;
			buildPhases = (
				8C02B6AA26539C3E00413D70 /* Sources */,
				8C02B6AB26539C3E00413D70 /* Frameworks */,
				8C02B6AC26539C3E00413D70 /* Resources */,
			);
			buildRules = (
			);
			dependencies = (
				8C02B6B026539C3E00413D70 /* PBXTargetDependency */,
			);
			name = MusicBoxUITests;
			productName = MusicBoxUITests;
			productReference = 8C02B6AE26539C3E00413D70 /* MusicBoxUITests.xctest */;
			productType = "com.apple.product-type.bundle.ui-testing";
		};
/* End PBXNativeTarget section */

/* Begin PBXProject section */
		8C02B68526539C3D00413D70 /* Project object */ = {
			isa = PBXProject;
			attributes = {
				LastSwiftUpdateCheck = 1220;
				LastUpgradeCheck = 1220;
				TargetAttributes = {
					8C02B68C26539C3D00413D70 = {
						CreatedOnToolsVersion = 12.2;
					};
					8C02B6A226539C3E00413D70 = {
						CreatedOnToolsVersion = 12.2;
						TestTargetID = 8C02B68C26539C3D00413D70;
					};
					8C02B6AD26539C3E00413D70 = {
						CreatedOnToolsVersion = 12.2;
						TestTargetID = 8C02B68C26539C3D00413D70;
					};
				};
			};
			buildConfigurationList = 8C02B68826539C3D00413D70 /* Build configuration list for PBXProject "MusicBox" */;
			compatibilityVersion = "Xcode 9.3";
			developmentRegion = en;
			hasScannedForEncodings = 0;
			knownRegions = (
				en,
				Base,
			);
			mainGroup = 8C02B68426539C3D00413D70;
			productRefGroup = 8C02B68E26539C3D00413D70 /* Products */;
			projectDirPath = "";
			projectRoot = "";
			targets = (
				8C02B68C26539C3D00413D70 /* MusicBox */,
				8C02B6A226539C3E00413D70 /* MusicBoxTests */,
				8C02B6AD26539C3E00413D70 /* MusicBoxUITests */,
			);
		};
/* End PBXProject section */

/* Begin PBXResourcesBuildPhase section */
		8C02B68B26539C3D00413D70 /* Resources */ = {
			isa = PBXResourcesBuildPhase;
			buildActionMask = 2147483647;
			files = (
				8C02B69D26539C3E00413D70 /* LaunchScreen.storyboard in Resources */,
				8C02B69A26539C3E00413D70 /* Assets.xcassets in Resources */,
				8C02B69826539C3D00413D70 /* Main.storyboard in Resources */,
			);
			runOnlyForDeploymentPostprocessing = 0;
		};
		8C02B6A126539C3E00413D70 /* Resources */ = {
			isa = PBXResourcesBuildPhase;
			buildActionMask = 2147483647;
			files = (
			);
			runOnlyForDeploymentPostprocessing = 0;
		};
		8C02B6AC26539C3E00413D70 /* Resources */ = {
			isa = PBXResourcesBuildPhase;
			buildActionMask = 2147483647;
			files = (
			);
			runOnlyForDeploymentPostprocessing = 0;
		};
/* End PBXResourcesBuildPhase section */

/* Begin PBXShellScriptBuildPhase section */
		0FB35A201F7ECD302C9C3FCD /* [CP] Embed Pods Frameworks */ = {
			isa = PBXShellScriptBuildPhase;
			buildActionMask = 2147483647;
			files = (
			);
			inputFileListPaths = (
				"${PODS_ROOT}/Target Support Files/Pods-MusicBox/Pods-MusicBox-frameworks-${CONFIGURATION}-input-files.xcfilelist",
			);
			name = "[CP] Embed Pods Frameworks";
			outputFileListPaths = (
				"${PODS_ROOT}/Target Support Files/Pods-MusicBox/Pods-MusicBox-frameworks-${CONFIGURATION}-output-files.xcfilelist",
			);
			runOnlyForDeploymentPostprocessing = 0;
			shellPath = /bin/sh;
			shellScript = "\"${PODS_ROOT}/Target Support Files/Pods-MusicBox/Pods-MusicBox-frameworks.sh\"\n";
			showEnvVarsInLog = 0;
		};
		3BB1EDB69511432DDA9F5E43 /* [CP] Check Pods Manifest.lock */ = {
			isa = PBXShellScriptBuildPhase;
			buildActionMask = 2147483647;
			files = (
			);
			inputFileListPaths = (
			);
			inputPaths = (
				"${PODS_PODFILE_DIR_PATH}/Podfile.lock",
				"${PODS_ROOT}/Manifest.lock",
			);
			name = "[CP] Check Pods Manifest.lock";
			outputFileListPaths = (
			);
			outputPaths = (
				"$(DERIVED_FILE_DIR)/Pods-MusicBox-checkManifestLockResult.txt",
			);
			runOnlyForDeploymentPostprocessing = 0;
			shellPath = /bin/sh;
			shellScript = "diff \"${PODS_PODFILE_DIR_PATH}/Podfile.lock\" \"${PODS_ROOT}/Manifest.lock\" > /dev/null\nif [ $? != 0 ] ; then\n    # print error to STDERR\n    echo \"error: The sandbox is not in sync with the Podfile.lock. Run 'pod install' or update your CocoaPods installation.\" >&2\n    exit 1\nfi\n# This output is used by Xcode 'outputs' to avoid re-running this script phase.\necho \"SUCCESS\" > \"${SCRIPT_OUTPUT_FILE_0}\"\n";
			showEnvVarsInLog = 0;
		};
/* End PBXShellScriptBuildPhase section */

/* Begin PBXSourcesBuildPhase section */
		8C02B68926539C3D00413D70 /* Sources */ = {
			isa = PBXSourcesBuildPhase;
			buildActionMask = 2147483647;
			files = (
				8C02B69126539C3D00413D70 /* AppDelegate.swift in Sources */,
				8C5C031E2654EF1400261D0B /* GuideController.swift in Sources */,
				8C5C03162654ECFB00261D0B /* SplashController.swift in Sources */,
				8C5C03302654FD8400261D0B /* Constant.swift in Sources */,
				8C76901826565488008619F2 /* StringExtend.swift in Sources */,
				8C5C033E265501CC00261D0B /* ViewExtend.swift in Sources */,
				8C5C0350265515F800261D0B /* HomeController.swift in Sources */,
				8C5C034B265513E900261D0B /* LoginOrRegisterController.swift in Sources */,
				8C5C0346265503BB00261D0B /* ColorExtend.swift in Sources */,
				8C769005265606AB008619F2 /* PreferenceUtil.swift in Sources */,
				8C76902B26565EE4008619F2 /* FileUtil.swift in Sources */,
				8C76900A265646AC008619F2 /* BaseController.swift in Sources */,
				8C5C03382655002B00261D0B /* ViewUtil.swift in Sources */,
			);
			runOnlyForDeploymentPostprocessing = 0;
		};
		8C02B69F26539C3E00413D70 /* Sources */ = {
			isa = PBXSourcesBuildPhase;
			buildActionMask = 2147483647;
			files = (
				8C76903826566064008619F2 /* FileUtil.swift in Sources */,
				8C76902626565C80008619F2 /* Constant.swift in Sources */,
				8C76901C26565508008619F2 /* StringExtend.swift in Sources */,
				8C76901026565477008619F2 /* StringExtendTests.swift in Sources */,
				8C02B6A826539C3E00413D70 /* MusicBoxTests.swift in Sources */,
				8C76903126565F47008619F2 /* FileUtilTest.swift in Sources */,
			);
			runOnlyForDeploymentPostprocessing = 0;
		};
		8C02B6AA26539C3E00413D70 /* Sources */ = {
			isa = PBXSourcesBuildPhase;
			buildActionMask = 2147483647;
			files = (
				8C02B6B326539C3E00413D70 /* MusicBoxUITests.swift in Sources */,
			);
			runOnlyForDeploymentPostprocessing = 0;
		};
/* End PBXSourcesBuildPhase section */

/* Begin PBXTargetDependency section */
		8C02B6A526539C3E00413D70 /* PBXTargetDependency */ = {
			isa = PBXTargetDependency;
			target = 8C02B68C26539C3D00413D70 /* MusicBox */;
			targetProxy = 8C02B6A426539C3E00413D70 /* PBXContainerItemProxy */;
		};
		8C02B6B026539C3E00413D70 /* PBXTargetDependency */ = {
			isa = PBXTargetDependency;
			target = 8C02B68C26539C3D00413D70 /* MusicBox */;
			targetProxy = 8C02B6AF26539C3E00413D70 /* PBXContainerItemProxy */;
		};
/* End PBXTargetDependency section */

/* Begin PBXVariantGroup section */
		8C02B69626539C3D00413D70 /* Main.storyboard */ = {
			isa = PBXVariantGroup;
			children = (
				8C02B69726539C3D00413D70 /* Base */,
			);
			name = Main.storyboard;
			sourceTree = "<group>";
		};
		8C02B69B26539C3E00413D70 /* LaunchScreen.storyboard */ = {
			isa = PBXVariantGroup;
			children = (
				8C02B69C26539C3E00413D70 /* Base */,
			);
			name = LaunchScreen.storyboard;
			sourceTree = "<group>";
		};
/* End PBXVariantGroup section */

/* Begin XCBuildConfiguration section */
		8C02B6B526539C3E00413D70 /* Debug */ = {
			isa = XCBuildConfiguration;
			buildSettings = {
				ALWAYS_SEARCH_USER_PATHS = NO;
				CLANG_ANALYZER_NONNULL = YES;
				CLANG_ANALYZER_NUMBER_OBJECT_CONVERSION = YES_AGGRESSIVE;
				CLANG_CXX_LANGUAGE_STANDARD = "gnu++14";
				CLANG_CXX_LIBRARY = "libc++";
				CLANG_ENABLE_MODULES = YES;
				CLANG_ENABLE_OBJC_ARC = YES;
				CLANG_ENABLE_OBJC_WEAK = YES;
				CLANG_WARN_BLOCK_CAPTURE_AUTORELEASING = YES;
				CLANG_WARN_BOOL_CONVERSION = YES;
				CLANG_WARN_COMMA = YES;
				CLANG_WARN_CONSTANT_CONVERSION = YES;
				CLANG_WARN_DEPRECATED_OBJC_IMPLEMENTATIONS = YES;
				CLANG_WARN_DIRECT_OBJC_ISA_USAGE = YES_ERROR;
				CLANG_WARN_DOCUMENTATION_COMMENTS = YES;
				CLANG_WARN_EMPTY_BODY = YES;
				CLANG_WARN_ENUM_CONVERSION = YES;
				CLANG_WARN_INFINITE_RECURSION = YES;
				CLANG_WARN_INT_CONVERSION = YES;
				CLANG_WARN_NON_LITERAL_NULL_CONVERSION = YES;
				CLANG_WARN_OBJC_IMPLICIT_RETAIN_SELF = YES;
				CLANG_WARN_OBJC_LITERAL_CONVERSION = YES;
				CLANG_WARN_OBJC_ROOT_CLASS = YES_ERROR;
				CLANG_WARN_QUOTED_INCLUDE_IN_FRAMEWORK_HEADER = YES;
				CLANG_WARN_RANGE_LOOP_ANALYSIS = YES;
				CLANG_WARN_STRICT_PROTOTYPES = YES;
				CLANG_WARN_SUSPICIOUS_MOVE = YES;
				CLANG_WARN_UNGUARDED_AVAILABILITY = YES_AGGRESSIVE;
				CLANG_WARN_UNREACHABLE_CODE = YES;
				CLANG_WARN__DUPLICATE_METHOD_MATCH = YES;
				COPY_PHASE_STRIP = NO;
				DEBUG_INFORMATION_FORMAT = dwarf;
				ENABLE_STRICT_OBJC_MSGSEND = YES;
				ENABLE_TESTABILITY = YES;
				GCC_C_LANGUAGE_STANDARD = gnu11;
				GCC_DYNAMIC_NO_PIC = NO;
				GCC_NO_COMMON_BLOCKS = YES;
				GCC_OPTIMIZATION_LEVEL = 0;
				GCC_PREPROCESSOR_DEFINITIONS = (
					"DEBUG=1",
					"$(inherited)",
				);
				GCC_WARN_64_TO_32_BIT_CONVERSION = YES;
				GCC_WARN_ABOUT_RETURN_TYPE = YES_ERROR;
				GCC_WARN_UNDECLARED_SELECTOR = YES;
				GCC_WARN_UNINITIALIZED_AUTOS = YES_AGGRESSIVE;
				GCC_WARN_UNUSED_FUNCTION = YES;
				GCC_WARN_UNUSED_VARIABLE = YES;
				IPHONEOS_DEPLOYMENT_TARGET = 14.2;
				MTL_ENABLE_DEBUG_INFO = INCLUDE_SOURCE;
				MTL_FAST_MATH = YES;
				ONLY_ACTIVE_ARCH = YES;
				SDKROOT = iphoneos;
				SWIFT_ACTIVE_COMPILATION_CONDITIONS = DEBUG;
				SWIFT_OPTIMIZATION_LEVEL = "-Onone";
			};
			name = Debug;
		};
		8C02B6B626539C3E00413D70 /* Release */ = {
			isa = XCBuildConfiguration;
			buildSettings = {
				ALWAYS_SEARCH_USER_PATHS = NO;
				CLANG_ANALYZER_NONNULL = YES;
				CLANG_ANALYZER_NUMBER_OBJECT_CONVERSION = YES_AGGRESSIVE;
				CLANG_CXX_LANGUAGE_STANDARD = "gnu++14";
				CLANG_CXX_LIBRARY = "libc++";
				CLANG_ENABLE_MODULES = YES;
				CLANG_ENABLE_OBJC_ARC = YES;
				CLANG_ENABLE_OBJC_WEAK = YES;
				CLANG_WARN_BLOCK_CAPTURE_AUTORELEASING = YES;
				CLANG_WARN_BOOL_CONVERSION = YES;
				CLANG_WARN_COMMA = YES;
				CLANG_WARN_CONSTANT_CONVERSION = YES;
				CLANG_WARN_DEPRECATED_OBJC_IMPLEMENTATIONS = YES;
				CLANG_WARN_DIRECT_OBJC_ISA_USAGE = YES_ERROR;
				CLANG_WARN_DOCUMENTATION_COMMENTS = YES;
				CLANG_WARN_EMPTY_BODY = YES;
				CLANG_WARN_ENUM_CONVERSION = YES;
				CLANG_WARN_INFINITE_RECURSION = YES;
				CLANG_WARN_INT_CONVERSION = YES;
				CLANG_WARN_NON_LITERAL_NULL_CONVERSION = YES;
				CLANG_WARN_OBJC_IMPLICIT_RETAIN_SELF = YES;
				CLANG_WARN_OBJC_LITERAL_CONVERSION = YES;
				CLANG_WARN_OBJC_ROOT_CLASS = YES_ERROR;
				CLANG_WARN_QUOTED_INCLUDE_IN_FRAMEWORK_HEADER = YES;
				CLANG_WARN_RANGE_LOOP_ANALYSIS = YES;
				CLANG_WARN_STRICT_PROTOTYPES = YES;
				CLANG_WARN_SUSPICIOUS_MOVE = YES;
				CLANG_WARN_UNGUARDED_AVAILABILITY = YES_AGGRESSIVE;
				CLANG_WARN_UNREACHABLE_CODE = YES;
				CLANG_WARN__DUPLICATE_METHOD_MATCH = YES;
				COPY_PHASE_STRIP = NO;
				DEBUG_INFORMATION_FORMAT = "dwarf-with-dsym";
				ENABLE_NS_ASSERTIONS = NO;
				ENABLE_STRICT_OBJC_MSGSEND = YES;
				GCC_C_LANGUAGE_STANDARD = gnu11;
				GCC_NO_COMMON_BLOCKS = YES;
				GCC_WARN_64_TO_32_BIT_CONVERSION = YES;
				GCC_WARN_ABOUT_RETURN_TYPE = YES_ERROR;
				GCC_WARN_UNDECLARED_SELECTOR = YES;
				GCC_WARN_UNINITIALIZED_AUTOS = YES_AGGRESSIVE;
				GCC_WARN_UNUSED_FUNCTION = YES;
				GCC_WARN_UNUSED_VARIABLE = YES;
				IPHONEOS_DEPLOYMENT_TARGET = 14.2;
				MTL_ENABLE_DEBUG_INFO = NO;
				MTL_FAST_MATH = YES;
				SDKROOT = iphoneos;
				SWIFT_COMPILATION_MODE = wholemodule;
				SWIFT_OPTIMIZATION_LEVEL = "-O";
				VALIDATE_PRODUCT = YES;
			};
			name = Release;
		};
		8C02B6B826539C3E00413D70 /* Debug */ = {
			isa = XCBuildConfiguration;
			baseConfigurationReference = ED63F4A386535706E9CE7A22 /* Pods-MusicBox.debug.xcconfig */;
			buildSettings = {
				ASSETCATALOG_COMPILER_APPICON_NAME = AppIcon;
				ASSETCATALOG_COMPILER_GLOBAL_ACCENT_COLOR_NAME = AccentColor;
				CODE_SIGN_STYLE = Automatic;
				INFOPLIST_FILE = MusicBox/Info.plist;
				LD_RUNPATH_SEARCH_PATHS = (
					"$(inherited)",
					"@executable_path/Frameworks",
				);
				PRODUCT_BUNDLE_IDENTIFIER = com.wyc.MusicBox;
				PRODUCT_NAME = "$(TARGET_NAME)";
				SWIFT_VERSION = 5.0;
				TARGETED_DEVICE_FAMILY = "1,2";
			};
			name = Debug;
		};
		8C02B6B926539C3E00413D70 /* Release */ = {
			isa = XCBuildConfiguration;
			baseConfigurationReference = 06BDB9820C2D5973E127F678 /* Pods-MusicBox.release.xcconfig */;
			buildSettings = {
				ASSETCATALOG_COMPILER_APPICON_NAME = AppIcon;
				ASSETCATALOG_COMPILER_GLOBAL_ACCENT_COLOR_NAME = AccentColor;
				CODE_SIGN_STYLE = Automatic;
				INFOPLIST_FILE = MusicBox/Info.plist;
				LD_RUNPATH_SEARCH_PATHS = (
					"$(inherited)",
					"@executable_path/Frameworks",
				);
				PRODUCT_BUNDLE_IDENTIFIER = com.wyc.MusicBox;
				PRODUCT_NAME = "$(TARGET_NAME)";
				SWIFT_VERSION = 5.0;
				TARGETED_DEVICE_FAMILY = "1,2";
			};
			name = Release;
		};
		8C02B6BB26539C3E00413D70 /* Debug */ = {
			isa = XCBuildConfiguration;
			buildSettings = {
				ALWAYS_EMBED_SWIFT_STANDARD_LIBRARIES = YES;
				BUNDLE_LOADER = "$(TEST_HOST)";
				CODE_SIGN_STYLE = Automatic;
				INFOPLIST_FILE = MusicBoxTests/Info.plist;
				IPHONEOS_DEPLOYMENT_TARGET = 14.2;
				LD_RUNPATH_SEARCH_PATHS = (
					"$(inherited)",
					"@executable_path/Frameworks",
					"@loader_path/Frameworks",
				);
				PRODUCT_BUNDLE_IDENTIFIER = com.wyc.MusicBoxTests;
				PRODUCT_NAME = "$(TARGET_NAME)";
				SWIFT_VERSION = 5.0;
				TARGETED_DEVICE_FAMILY = "1,2";
				TEST_HOST = "$(BUILT_PRODUCTS_DIR)/MusicBox.app/MusicBox";
			};
			name = Debug;
		};
		8C02B6BC26539C3E00413D70 /* Release */ = {
			isa = XCBuildConfiguration;
			buildSettings = {
				ALWAYS_EMBED_SWIFT_STANDARD_LIBRARIES = YES;
				BUNDLE_LOADER = "$(TEST_HOST)";
				CODE_SIGN_STYLE = Automatic;
				INFOPLIST_FILE = MusicBoxTests/Info.plist;
				IPHONEOS_DEPLOYMENT_TARGET = 14.2;
				LD_RUNPATH_SEARCH_PATHS = (
					"$(inherited)",
					"@executable_path/Frameworks",
					"@loader_path/Frameworks",
				);
				PRODUCT_BUNDLE_IDENTIFIER = com.wyc.MusicBoxTests;
				PRODUCT_NAME = "$(TARGET_NAME)";
				SWIFT_VERSION = 5.0;
				TARGETED_DEVICE_FAMILY = "1,2";
				TEST_HOST = "$(BUILT_PRODUCTS_DIR)/MusicBox.app/MusicBox";
			};
			name = Release;
		};
		8C02B6BE26539C3E00413D70 /* Debug */ = {
			isa = XCBuildConfiguration;
			buildSettings = {
				ALWAYS_EMBED_SWIFT_STANDARD_LIBRARIES = YES;
				CODE_SIGN_STYLE = Automatic;
				INFOPLIST_FILE = MusicBoxUITests/Info.plist;
				LD_RUNPATH_SEARCH_PATHS = (
					"$(inherited)",
					"@executable_path/Frameworks",
					"@loader_path/Frameworks",
				);
				PRODUCT_BUNDLE_IDENTIFIER = com.wyc.MusicBoxUITests;
				PRODUCT_NAME = "$(TARGET_NAME)";
				SWIFT_VERSION = 5.0;
				TARGETED_DEVICE_FAMILY = "1,2";
				TEST_TARGET_NAME = MusicBox;
			};
			name = Debug;
		};
		8C02B6BF26539C3E00413D70 /* Release */ = {
			isa = XCBuildConfiguration;
			buildSettings = {
				ALWAYS_EMBED_SWIFT_STANDARD_LIBRARIES = YES;
				CODE_SIGN_STYLE = Automatic;
				INFOPLIST_FILE = MusicBoxUITests/Info.plist;
				LD_RUNPATH_SEARCH_PATHS = (
					"$(inherited)",
					"@executable_path/Frameworks",
					"@loader_path/Frameworks",
				);
				PRODUCT_BUNDLE_IDENTIFIER = com.wyc.MusicBoxUITests;
				PRODUCT_NAME = "$(TARGET_NAME)";
				SWIFT_VERSION = 5.0;
				TARGETED_DEVICE_FAMILY = "1,2";
				TEST_TARGET_NAME = MusicBox;
			};
			name = Release;
		};
/* End XCBuildConfiguration section */

/* Begin XCConfigurationList section */
		8C02B68826539C3D00413D70 /* Build configuration list for PBXProject "MusicBox" */ = {
			isa = XCConfigurationList;
			buildConfigurations = (
				8C02B6B526539C3E00413D70 /* Debug */,
				8C02B6B626539C3E00413D70 /* Release */,
			);
			defaultConfigurationIsVisible = 0;
			defaultConfigurationName = Release;
		};
		8C02B6B726539C3E00413D70 /* Build configuration list for PBXNativeTarget "MusicBox" */ = {
			isa = XCConfigurationList;
			buildConfigurations = (
				8C02B6B826539C3E00413D70 /* Debug */,
				8C02B6B926539C3E00413D70 /* Release */,
			);
			defaultConfigurationIsVisible = 0;
			defaultConfigurationName = Release;
		};
		8C02B6BA26539C3E00413D70 /* Build configuration list for PBXNativeTarget "MusicBoxTests" */ = {
			isa = XCConfigurationList;
			buildConfigurations = (
				8C02B6BB26539C3E00413D70 /* Debug */,
				8C02B6BC26539C3E00413D70 /* Release */,
			);
			defaultConfigurationIsVisible = 0;
			defaultConfigurationName = Release;
		};
		8C02B6BD26539C3E00413D70 /* Build configuration list for PBXNativeTarget "MusicBoxUITests" */ = {
			isa = XCConfigurationList;
			buildConfigurations = (
				8C02B6BE26539C3E00413D70 /* Debug */,
				8C02B6BF26539C3E00413D70 /* Release */,
			);
			defaultConfigurationIsVisible = 0;
			defaultConfigurationName = Release;
		};
/* End XCConfigurationList section */
	};
	rootObject = 8C02B68526539C3D00413D70 /* Project object */;
}
